
Microsoft Visual Studio Solution File, Format Version 12.00
# Visual Studio Version 16
VisualStudioVersion = 16.0.31911.196
MinimumVisualStudioVersion = 10.0.40219.1
Project("{FAE04EC0-301F-11D3-BF4B-00C04F79EFBC}") = "DLNLTT", "DLNLTT\DLNLTT.csproj", "{806FB68F-8C28-4525-AA9D-FC32591E4179}"
EndProject
Global
	GlobalSection(SolutionConfigurationPlatforms) = preSolution
		Debug|Any CPU = Debug|Any CPU
		Release|Any CPU = Release|Any CPU
	EndGlobalSection
	GlobalSection(ProjectConfigurationPlatforms) = postSolution
		{806FB68F-8C28-4525-AA9D-FC32591E4179}.Debug|Any CPU.ActiveCfg = Debug|Any CPU
		{806FB68F-8C28-4525-AA9D-FC32591E4179}.Debug|Any CPU.Build.0 = Debug|Any CPU
		{806FB68F-8C28-4525-AA9D-FC32591E4179}.Release|Any CPU.ActiveCfg = Release|Any CPU
		{806FB68F-8C28-4525-AA9D-FC32591E4179}.Release|Any CPU.Build.0 = Release|Any CPU
	EndGlobalSection
	GlobalSection(SolutionProperties) = preSolution
		HideSolutionNode = FALSE
	EndGlobalSection
	GlobalSection(ExtensibilityGlobals) = postSolution
		SolutionGuid = {18F90EC4-8204-4DAC-B746-39A4B0C75F9A}
	EndGlobalSection
EndGlobal
